
Microsoft Visual Studio Solution File, Format Version 12.00
# Visual Studio 15
VisualStudioVersion = 15.0.26403.3
MinimumVisualStudioVersion = 10.0.40219.1
Project("{FAE04EC0-301F-11D3-BF4B-00C04F79EFBC}") = "SimpleRules", "SimpleRules\SimpleRules.csproj", "{967BD26C-98EB-48A3-9E5B-A23FA5367254}"
EndProject
Project("{FAE04EC0-301F-11D3-BF4B-00C04F79EFBC}") = "SimpleRules.Tests", "SimpleRules.Tests\SimpleRules.Tests.csproj", "{EA3E6DF0-6709-4604-BA4C-A64C219ED802}"
EndProject
Global
	GlobalSection(SolutionConfigurationPlatforms) = preSolution
		Debug|Any CPU = Debug|Any CPU
		Release|Any CPU = Release|Any CPU
	EndGlobalSection
	GlobalSection(ProjectConfigurationPlatforms) = postSolution
		{967BD26C-98EB-48A3-9E5B-A23FA5367254}.Debug|Any CPU.ActiveCfg = Debug|Any CPU
		{967BD26C-98EB-48A3-9E5B-A23FA5367254}.Debug|Any CPU.Build.0 = Debug|Any CPU
		{967BD26C-98EB-48A3-9E5B-A23FA5367254}.Release|Any CPU.ActiveCfg = Release|Any CPU
		{967BD26C-98EB-48A3-9E5B-A23FA5367254}.Release|Any CPU.Build.0 = Release|Any CPU
		{EA3E6DF0-6709-4604-BA4C-A64C219ED802}.Debug|Any CPU.ActiveCfg = Debug|Any CPU
		{EA3E6DF0-6709-4604-BA4C-A64C219ED802}.Debug|Any CPU.Build.0 = Debug|Any CPU
		{EA3E6DF0-6709-4604-BA4C-A64C219ED802}.Release|Any CPU.ActiveCfg = Release|Any CPU
		{EA3E6DF0-6709-4604-BA4C-A64C219ED802}.Release|Any CPU.Build.0 = Release|Any CPU
		{15AD91AD-4E9C-4E0D-8C20-B92C280FF6E8}.Debug|Any CPU.ActiveCfg = Debug|Any CPU
		{15AD91AD-4E9C-4E0D-8C20-B92C280FF6E8}.Debug|Any CPU.Build.0 = Debug|Any CPU
		{15AD91AD-4E9C-4E0D-8C20-B92C280FF6E8}.Release|Any CPU.ActiveCfg = Release|Any CPU
		{15AD91AD-4E9C-4E0D-8C20-B92C280FF6E8}.Release|Any CPU.Build.0 = Release|Any CPU
	EndGlobalSection
	GlobalSection(SolutionProperties) = preSolution
		HideSolutionNode = FALSE
	EndGlobalSection
EndGlobal
